
Microsoft Visual Studio Solution File, Format Version 12.00
# Visual Studio Version 17
VisualStudioVersion = 17.8.34330.188
MinimumVisualStudioVersion = 10.0.40219.1
Project("{9A19103F-16F7-4668-BE54-9A1E7A4F7556}") = "MessageSender", "EDMApp\MessageSender.csproj", "{F01AACE3-C41F-4A1E-9602-98B3576EBF9E}"
EndProject
Project("{FAE04EC0-301F-11D3-BF4B-00C04F79EFBC}") = "MessageReceiver1", "MessageReceiver1\MessageReceiver1.csproj", "{95F67242-73C6-4FC5-A8F1-3CD40401B786}"
EndProject
Project("{FAE04EC0-301F-11D3-BF4B-00C04F79EFBC}") = "MessageReceiver2", "MessageReceiver2\MessageReceiver2.csproj", "{8895C82E-B229-4802-83A2-28C9727D6D6F}"
EndProject
Global
	GlobalSection(SolutionConfigurationPlatforms) = preSolution
		Debug|Any CPU = Debug|Any CPU
		Release|Any CPU = Release|Any CPU
	EndGlobalSection
	GlobalSection(ProjectConfigurationPlatforms) = postSolution
		{F01AACE3-C41F-4A1E-9602-98B3576EBF9E}.Debug|Any CPU.ActiveCfg = Debug|Any CPU
		{F01AACE3-C41F-4A1E-9602-98B3576EBF9E}.Debug|Any CPU.Build.0 = Debug|Any CPU
		{F01AACE3-C41F-4A1E-9602-98B3576EBF9E}.Release|Any CPU.ActiveCfg = Release|Any CPU
		{F01AACE3-C41F-4A1E-9602-98B3576EBF9E}.Release|Any CPU.Build.0 = Release|Any CPU
		{95F67242-73C6-4FC5-A8F1-3CD40401B786}.Debug|Any CPU.ActiveCfg = Debug|Any CPU
		{95F67242-73C6-4FC5-A8F1-3CD40401B786}.Debug|Any CPU.Build.0 = Debug|Any CPU
		{95F67242-73C6-4FC5-A8F1-3CD40401B786}.Release|Any CPU.ActiveCfg = Release|Any CPU
		{95F67242-73C6-4FC5-A8F1-3CD40401B786}.Release|Any CPU.Build.0 = Release|Any CPU
		{8895C82E-B229-4802-83A2-28C9727D6D6F}.Debug|Any CPU.ActiveCfg = Debug|Any CPU
		{8895C82E-B229-4802-83A2-28C9727D6D6F}.Debug|Any CPU.Build.0 = Debug|Any CPU
		{8895C82E-B229-4802-83A2-28C9727D6D6F}.Release|Any CPU.ActiveCfg = Release|Any CPU
		{8895C82E-B229-4802-83A2-28C9727D6D6F}.Release|Any CPU.Build.0 = Release|Any CPU
	EndGlobalSection
	GlobalSection(SolutionProperties) = preSolution
		HideSolutionNode = FALSE
	EndGlobalSection
	GlobalSection(ExtensibilityGlobals) = postSolution
		SolutionGuid = {CCDDB570-CD7F-41CB-B717-5FA6DE8B0614}
	EndGlobalSection
EndGlobal
